
Microsoft Visual Studio Solution File, Format Version 12.00
# Visual Studio Version 16
VisualStudioVersion = 16.0.30011.22
MinimumVisualStudioVersion = 10.0.40219.1
Project("{9A19103F-16F7-4668-BE54-9A1E7A4F7556}") = "Inheritance - Lab", "Inheritance - Lab\Inheritance - Lab.csproj", "{A370F0CA-DA94-4D00-B8CD-0C5B00F693BA}"
EndProject
Project("{9A19103F-16F7-4668-BE54-9A1E7A4F7556}") = "Random List", "Random List\Random List.csproj", "{C49D1C2C-AE2D-40DA-8005-E06497DEC3D4}"
EndProject
Project("{FAE04EC0-301F-11D3-BF4B-00C04F79EFBC}") = "Stack of Strings", "Stack of Strings\Stack of Strings.csproj", "{6F06210B-24AB-4C99-842D-27C9CCB46414}"
EndProject
Global
	GlobalSection(SolutionConfigurationPlatforms) = preSolution
		Debug|Any CPU = Debug|Any CPU
		Release|Any CPU = Release|Any CPU
	EndGlobalSection
	GlobalSection(ProjectConfigurationPlatforms) = postSolution
		{A370F0CA-DA94-4D00-B8CD-0C5B00F693BA}.Debug|Any CPU.ActiveCfg = Debug|Any CPU
		{A370F0CA-DA94-4D00-B8CD-0C5B00F693BA}.Debug|Any CPU.Build.0 = Debug|Any CPU
		{A370F0CA-DA94-4D00-B8CD-0C5B00F693BA}.Release|Any CPU.ActiveCfg = Release|Any CPU
		{A370F0CA-DA94-4D00-B8CD-0C5B00F693BA}.Release|Any CPU.Build.0 = Release|Any CPU
		{C49D1C2C-AE2D-40DA-8005-E06497DEC3D4}.Debug|Any CPU.ActiveCfg = Debug|Any CPU
		{C49D1C2C-AE2D-40DA-8005-E06497DEC3D4}.Debug|Any CPU.Build.0 = Debug|Any CPU
		{C49D1C2C-AE2D-40DA-8005-E06497DEC3D4}.Release|Any CPU.ActiveCfg = Release|Any CPU
		{C49D1C2C-AE2D-40DA-8005-E06497DEC3D4}.Release|Any CPU.Build.0 = Release|Any CPU
		{6F06210B-24AB-4C99-842D-27C9CCB46414}.Debug|Any CPU.ActiveCfg = Debug|Any CPU
		{6F06210B-24AB-4C99-842D-27C9CCB46414}.Debug|Any CPU.Build.0 = Debug|Any CPU
		{6F06210B-24AB-4C99-842D-27C9CCB46414}.Release|Any CPU.ActiveCfg = Release|Any CPU
		{6F06210B-24AB-4C99-842D-27C9CCB46414}.Release|Any CPU.Build.0 = Release|Any CPU
	EndGlobalSection
	GlobalSection(SolutionProperties) = preSolution
		HideSolutionNode = FALSE
	EndGlobalSection
	GlobalSection(ExtensibilityGlobals) = postSolution
		SolutionGuid = {7E37A518-0D49-4645-8B73-52A5F5948EB4}
	EndGlobalSection
EndGlobal
